// !$*UTF8*$!
{
	archiveVersion = 1;
	classes = {
	};
	objectVersion = 55;
	objects = {

/* Begin PBXBuildFile section */
		BFB79B7D2883AB9E005E38AA /* AppDelegate.swift in Sources */ = {isa = PBXBuildFile; fileRef = BFB79B7C2883AB9E005E38AA /* AppDelegate.swift */; };
		BFB79B7F2883AB9E005E38AA /* SceneDelegate.swift in Sources */ = {isa = PBXBuildFile; fileRef = BFB79B7E2883AB9E005E38AA /* SceneDelegate.swift */; };
		BFB79B812883AB9E005E38AA /* ViewController.swift in Sources */ = {isa = PBXBuildFile; fileRef = BFB79B802883AB9E005E38AA /* ViewController.swift */; };
		BFB79B842883AB9E005E38AA /* Main.storyboard in Resources */ = {isa = PBXBuildFile; fileRef = BFB79B822883AB9E005E38AA /* Main.storyboard */; };
		BFB79B862883AB9F005E38AA /* Assets.xcassets in Resources */ = {isa = PBXBuildFile; fileRef = BFB79B852883AB9F005E38AA /* Assets.xcassets */; };
		BFB79B892883AB9F005E38AA /* LaunchScreen.storyboard in Resources */ = {isa = PBXBuildFile; fileRef = BFB79B872883AB9F005E38AA /* LaunchScreen.storyboard */; };
		BFB79B942883AB9F005E38AA /* GitTestTests.swift in Sources */ = {isa = PBXBuildFile; fileRef = BFB79B932883AB9F005E38AA /* GitTestTests.swift */; };
		BFB79B9E2883AB9F005E38AA /* GitTestUITests.swift in Sources */ = {isa = PBXBuildFile; fileRef = BFB79B9D2883AB9F005E38AA /* GitTestUITests.swift */; };
		BFB79BA02883AB9F005E38AA /* GitTestUITestsLaunchTests.swift in Sources */ = {isa = PBXBuildFile; fileRef = BFB79B9F2883AB9F005E38AA /* GitTestUITestsLaunchTests.swift */; };
/* End PBXBuildFile section */

/* Begin PBXContainerItemProxy section */
		BFB79B902883AB9F005E38AA /* PBXContainerItemProxy */ = {
			isa = PBXContainerItemProxy;
			containerPortal = BFB79B712883AB9E005E38AA /* Project object */;
			proxyType = 1;
			remoteGlobalIDString = BFB79B782883AB9E005E38AA;
			remoteInfo = GitTest;
		};
		BFB79B9A2883AB9F005E38AA /* PBXContainerItemProxy */ = {
			isa = PBXContainerItemProxy;
			containerPortal = BFB79B712883AB9E005E38AA /* Project object */;
			proxyType = 1;
			remoteGlobalIDString = BFB79B782883AB9E005E38AA;
			remoteInfo = GitTest;
		};
/* End PBXContainerItemProxy section */

/* Begin PBXFileReference section */
		BFB79B792883AB9E005E38AA /* GitTest.app */ = {isa = PBXFileReference; explicitFileType = wrapper.application; includeInIndex = 0; path = GitTest.app; sourceTree = BUILT_PRODUCTS_DIR; };
		BFB79B7C2883AB9E005E38AA /* AppDelegate.swift */ = {isa = PBXFileReference; lastKnownFileType = sourcecode.swift; path = AppDelegate.swift; sourceTree = "<group>"; };
		BFB79B7E2883AB9E005E38AA /* SceneDelegate.swift */ = {isa = PBXFileReference; lastKnownFileType = sourcecode.swift; path = SceneDelegate.swift; sourceTree = "<group>"; };
		BFB79B802883AB9E005E38AA /* ViewController.swift */ = {isa = PBXFileReference; lastKnownFileType = sourcecode.swift; path = ViewController.swift; sourceTree = "<group>"; };
		BFB79B832883AB9E005E38AA /* Base */ = {isa = PBXFileReference; lastKnownFileType = file.storyboard; name = Base; path = Base.lproj/Main.storyboard; sourceTree = "<group>"; };
		BFB79B852883AB9F005E38AA /* Assets.xcassets */ = {isa = PBXFileReference; lastKnownFileType = folder.assetcatalog; path = Assets.xcassets; sourceTree = "<group>"; };
		BFB79B882883AB9F005E38AA /* Base */ = {isa = PBXFileReference; lastKnownFileType = file.storyboard; name = Base; path = Base.lproj/LaunchScreen.storyboard; sourceTree = "<group>"; };
		BFB79B8A2883AB9F005E38AA /* Info.plist */ = {isa = PBXFileReference; lastKnownFileType = text.plist.xml; path = Info.plist; sourceTree = "<group>"; };
		BFB79B8F2883AB9F005E38AA /* GitTestTests.xctest */ = {isa = PBXFileReference; explicitFileType = wrapper.cfbundle; includeInIndex = 0; path = GitTestTests.xctest; sourceTree = BUILT_PRODUCTS_DIR; };
		BFB79B932883AB9F005E38AA /* GitTestTests.swift */ = {isa = PBXFileReference; lastKnownFileType = sourcecode.swift; path = GitTestTests.swift; sourceTree = "<group>"; };
		BFB79B992883AB9F005E38AA /* GitTestUITests.xctest */ = {isa = PBXFileReference; explicitFileType = wrapper.cfbundle; includeInIndex = 0; path = GitTestUITests.xctest; sourceTree = BUILT_PRODUCTS_DIR; };
		BFB79B9D2883AB9F005E38AA /* GitTestUITests.swift */ = {isa = PBXFileReference; lastKnownFileType = sourcecode.swift; path = GitTestUITests.swift; sourceTree = "<group>"; };
		BFB79B9F2883AB9F005E38AA /* GitTestUITestsLaunchTests.swift */ = {isa = PBXFileReference; lastKnownFileType = sourcecode.swift; path = GitTestUITestsLaunchTests.swift; sourceTree = "<group>"; };
/* End PBXFileReference section */

/* Begin PBXFrameworksBuildPhase section */
		BFB79B762883AB9E005E38AA /* Frameworks */ = {
			isa = PBXFrameworksBuildPhase;
			buildActionMask = 2147483647;
			files = (
			);
			runOnlyForDeploymentPostprocessing = 0;
		};
		BFB79B8C2883AB9F005E38AA /* Frameworks */ = {
			isa = PBXFrameworksBuildPhase;
			buildActionMask = 2147483647;
			files = (
			);
			runOnlyForDeploymentPostprocessing = 0;
		};
		BFB79B962883AB9F005E38AA /* Frameworks */ = {
			isa = PBXFrameworksBuildPhase;
			buildActionMask = 2147483647;
			files = (
			);
			runOnlyForDeploymentPostprocessing = 0;
		};
/* End PBXFrameworksBuildPhase section */

/* Begin PBXGroup section */
		BFB79B702883AB9E005E38AA = {
			isa = PBXGroup;
			children = (
				BFB79B7B2883AB9E005E38AA /* GitTest */,
				BFB79B922883AB9F005E38AA /* GitTestTests */,
				BFB79B9C2883AB9F005E38AA /* GitTestUITests */,
				BFB79B7A2883AB9E005E38AA /* Products */,
			);
			sourceTree = "<group>";
		};
		BFB79B7A2883AB9E005E38AA /* Products */ = {
			isa = PBXGroup;
			children = (
				BFB79B792883AB9E005E38AA /* GitTest.app */,
				BFB79B8F2883AB9F005E38AA /* GitTestTests.xctest */,
				BFB79B992883AB9F005E38AA /* GitTestUITests.xctest */,
			);
			name = Products;
			sourceTree = "<group>";
		};
		BFB79B7B2883AB9E005E38AA /* GitTest */ = {
			isa = PBXGroup;
			children = (
				BFB79B7C2883AB9E005E38AA /* AppDelegate.swift */,
				BFB79B7E2883AB9E005E38AA /* SceneDelegate.swift */,
				BFB79B802883AB9E005E38AA /* ViewController.swift */,
				BFB79B822883AB9E005E38AA /* Main.storyboard */,
				BFB79B852883AB9F005E38AA /* Assets.xcassets */,
				BFB79B872883AB9F005E38AA /* LaunchScreen.storyboard */,
				BFB79B8A2883AB9F005E38AA /* Info.plist */,
			);
			path = GitTest;
			sourceTree = "<group>";
		};
		BFB79B922883AB9F005E38AA /* GitTestTests */ = {
			isa = PBXGroup;
			children = (
				BFB79B932883AB9F005E38AA /* GitTestTests.swift */,
			);
			path = GitTestTests;
			sourceTree = "<group>";
		};
		BFB79B9C2883AB9F005E38AA /* GitTestUITests */ = {
			isa = PBXGroup;
			children = (
				BFB79B9D2883AB9F005E38AA /* GitTestUITests.swift */,
				BFB79B9F2883AB9F005E38AA /* GitTestUITestsLaunchTests.swift */,
			);
			path = GitTestUITests;
			sourceTree = "<group>";
		};
/* End PBXGroup section */

/* Begin PBXNativeTarget section */
		BFB79B782883AB9E005E38AA /* GitTest */ = {
			isa = PBXNativeTarget;
			buildConfigurationList = BFB79BA32883AB9F005E38AA /* Build configuration list for PBXNativeTarget "GitTest" */;
			buildPhases = (
				BFB79B752883AB9E005E38AA /* Sources */,
				BFB79B762883AB9E005E38AA /* Frameworks */,
				BFB79B772883AB9E005E38AA /* Resources */,
			);
			buildRules = (
			);
			dependencies = (
			);
			name = GitTest;
			productName = GitTest;
			productReference = BFB79B792883AB9E005E38AA /* GitTest.app */;
			productType = "com.apple.product-type.application";
		};
		BFB79B8E2883AB9F005E38AA /* GitTestTests */ = {
			isa = PBXNativeTarget;
			buildConfigurationList = BFB79BA62883AB9F005E38AA /* Build configuration list for PBXNativeTarget "GitTestTests" */;
			buildPhases = (
				BFB79B8B2883AB9F005E38AA /* Sources */,
				BFB79B8C2883AB9F005E38AA /* Frameworks */,
				BFB79B8D2883AB9F005E38AA /* Resources */,
			);
			buildRules = (
			);
			dependencies = (
				BFB79B912883AB9F005E38AA /* PBXTargetDependency */,
			);
			name = GitTestTests;
			productName = GitTestTests;
			productReference = BFB79B8F2883AB9F005E38AA /* GitTestTests.xctest */;
			productType = "com.apple.product-type.bundle.unit-test";
		};
		BFB79B982883AB9F005E38AA /* GitTestUITests */ = {
			isa = PBXNativeTarget;
			buildConfigurationList = BFB79BA92883AB9F005E38AA /* Build configuration list for PBXNativeTarget "GitTestUITests" */;
			buildPhases = (
				BFB79B952883AB9F005E38AA /* Sources */,
				BFB79B962883AB9F005E38AA /* Frameworks */,
				BFB79B972883AB9F005E38AA /* Resources */,
			);
			buildRules = (
			);
			dependencies = (
				BFB79B9B2883AB9F005E38AA /* PBXTargetDependency */,
			);
			name = GitTestUITests;
			productName = GitTestUITests;
			productReference = BFB79B992883AB9F005E38AA /* GitTestUITests.xctest */;
			productType = "com.apple.product-type.bundle.ui-testing";
		};
/* End PBXNativeTarget section */

/* Begin PBXProject section */
		BFB79B712883AB9E005E38AA /* Project object */ = {
			isa = PBXProject;
			attributes = {
				BuildIndependentTargetsInParallel = 1;
				LastSwiftUpdateCheck = 1340;
				LastUpgradeCheck = 1340;
				TargetAttributes = {
					BFB79B782883AB9E005E38AA = {
						CreatedOnToolsVersion = 13.4.1;
					};
					BFB79B8E2883AB9F005E38AA = {
						CreatedOnToolsVersion = 13.4.1;
						TestTargetID = BFB79B782883AB9E005E38AA;
					};
					BFB79B982883AB9F005E38AA = {
						CreatedOnToolsVersion = 13.4.1;
						TestTargetID = BFB79B782883AB9E005E38AA;
					};
				};
			};
			buildConfigurationList = BFB79B742883AB9E005E38AA /* Build configuration list for PBXProject "GitTest" */;
			compatibilityVersion = "Xcode 13.0";
			developmentRegion = en;
			hasScannedForEncodings = 0;
			knownRegions = (
				en,
				Base,
			);
			mainGroup = BFB79B702883AB9E005E38AA;
			productRefGroup = BFB79B7A2883AB9E005E38AA /* Products */;
			projectDirPath = "";
			projectRoot = "";
			targets = (
				BFB79B782883AB9E005E38AA /* GitTest */,
				BFB79B8E2883AB9F005E38AA /* GitTestTests */,
				BFB79B982883AB9F005E38AA /* GitTestUITests */,
			);
		};
/* End PBXProject section */

/* Begin PBXResourcesBuildPhase section */
		BFB79B772883AB9E005E38AA /* Resources */ = {
			isa = PBXResourcesBuildPhase;
			buildActionMask = 2147483647;
			files = (
				BFB79B892883AB9F005E38AA /* LaunchScreen.storyboard in Resources */,
				BFB79B862883AB9F005E38AA /* Assets.xcassets in Resources */,
				BFB79B842883AB9E005E38AA /* Main.storyboard in Resources */,
			);
			runOnlyForDeploymentPostprocessing = 0;
		};
		BFB79B8D2883AB9F005E38AA /* Resources */ = {
			isa = PBXResourcesBuildPhase;
			buildActionMask = 2147483647;
			files = (
			);
			runOnlyForDeploymentPostprocessing = 0;
		};
		BFB79B972883AB9F005E38AA /* Resources */ = {
			isa = PBXResourcesBuildPhase;
			buildActionMask = 2147483647;
			files = (
			);
			runOnlyForDeploymentPostprocessing = 0;
		};
/* End PBXResourcesBuildPhase section */

/* Begin PBXSourcesBuildPhase section */
		BFB79B752883AB9E005E38AA /* Sources */ = {
			isa = PBXSourcesBuildPhase;
			buildActionMask = 2147483647;
			files = (
				BFB79B812883AB9E005E38AA /* ViewController.swift in Sources */,
				BFB79B7D2883AB9E005E38AA /* AppDelegate.swift in Sources */,
				BFB79B7F2883AB9E005E38AA /* SceneDelegate.swift in Sources */,
			);
			runOnlyForDeploymentPostprocessing = 0;
		};
		BFB79B8B2883AB9F005E38AA /* Sources */ = {
			isa = PBXSourcesBuildPhase;
			buildActionMask = 2147483647;
			files = (
				BFB79B942883AB9F005E38AA /* GitTestTests.swift in Sources */,
			);
			runOnlyForDeploymentPostprocessing = 0;
		};
		BFB79B952883AB9F005E38AA /* Sources */ = {
			isa = PBXSourcesBuildPhase;
			buildActionMask = 2147483647;
			files = (
				BFB79B9E2883AB9F005E38AA /* GitTestUITests.swift in Sources */,
				BFB79BA02883AB9F005E38AA /* GitTestUITestsLaunchTests.swift in Sources */,
			);
			runOnlyForDeploymentPostprocessing = 0;
		};
/* End PBXSourcesBuildPhase section */

/* Begin PBXTargetDependency section */
		BFB79B912883AB9F005E38AA /* PBXTargetDependency */ = {
			isa = PBXTargetDependency;
			target = BFB79B782883AB9E005E38AA /* GitTest */;
			targetProxy = BFB79B902883AB9F005E38AA /* PBXContainerItemProxy */;
		};
		BFB79B9B2883AB9F005E38AA /* PBXTargetDependency */ = {
			isa = PBXTargetDependency;
			target = BFB79B782883AB9E005E38AA /* GitTest */;
			targetProxy = BFB79B9A2883AB9F005E38AA /* PBXContainerItemProxy */;
		};
/* End PBXTargetDependency section */

/* Begin PBXVariantGroup section */
		BFB79B822883AB9E005E38AA /* Main.storyboard */ = {
			isa = PBXVariantGroup;
			children = (
				BFB79B832883AB9E005E38AA /* Base */,
			);
			name = Main.storyboard;
			sourceTree = "<group>";
		};
		BFB79B872883AB9F005E38AA /* LaunchScreen.storyboard */ = {
			isa = PBXVariantGroup;
			children = (
				BFB79B882883AB9F005E38AA /* Base */,
			);
			name = LaunchScreen.storyboard;
			sourceTree = "<group>";
		};
/* End PBXVariantGroup section */

/* Begin XCBuildConfiguration section */
		BFB79BA12883AB9F005E38AA /* Debug */ = {
			isa = XCBuildConfiguration;
			buildSettings = {
				ALWAYS_SEARCH_USER_PATHS = NO;
				CLANG_ANALYZER_NONNULL = YES;
				CLANG_ANALYZER_NUMBER_OBJECT_CONVERSION = YES_AGGRESSIVE;
				CLANG_CXX_LANGUAGE_STANDARD = "gnu++17";
				CLANG_ENABLE_MODULES = YES;
				CLANG_ENABLE_OBJC_ARC = YES;
				CLANG_ENABLE_OBJC_WEAK = YES;
				CLANG_WARN_BLOCK_CAPTURE_AUTORELEASING = YES;
				CLANG_WARN_BOOL_CONVERSION = YES;
				CLANG_WARN_COMMA = YES;
				CLANG_WARN_CONSTANT_CONVERSION = YES;
				CLANG_WARN_DEPRECATED_OBJC_IMPLEMENTATIONS = YES;
				CLANG_WARN_DIRECT_OBJC_ISA_USAGE = YES_ERROR;
				CLANG_WARN_DOCUMENTATION_COMMENTS = YES;
				CLANG_WARN_EMPTY_BODY = YES;
				CLANG_WARN_ENUM_CONVERSION = YES;
				CLANG_WARN_INFINITE_RECURSION = YES;
				CLANG_WARN_INT_CONVERSION = YES;
				CLANG_WARN_NON_LITERAL_NULL_CONVERSION = YES;
				CLANG_WARN_OBJC_IMPLICIT_RETAIN_SELF = YES;
				CLANG_WARN_OBJC_LITERAL_CONVERSION = YES;
				CLANG_WARN_OBJC_ROOT_CLASS = YES_ERROR;
				CLANG_WARN_QUOTED_INCLUDE_IN_FRAMEWORK_HEADER = YES;
				CLANG_WARN_RANGE_LOOP_ANALYSIS = YES;
				CLANG_WARN_STRICT_PROTOTYPES = YES;
				CLANG_WARN_SUSPICIOUS_MOVE = YES;
				CLANG_WARN_UNGUARDED_AVAILABILITY = YES_AGGRESSIVE;
				CLANG_WARN_UNREACHABLE_CODE = YES;
				CLANG_WARN__DUPLICATE_METHOD_MATCH = YES;
				COPY_PHASE_STRIP = NO;
				DEBUG_INFORMATION_FORMAT = dwarf;
				ENABLE_STRICT_OBJC_MSGSEND = YES;
				ENABLE_TESTABILITY = YES;
				GCC_C_LANGUAGE_STANDARD = gnu11;
				GCC_DYNAMIC_NO_PIC = NO;
				GCC_NO_COMMON_BLOCKS = YES;
				GCC_OPTIMIZATION_LEVEL = 0;
				GCC_PREPROCESSOR_DEFINITIONS = (
					"DEBUG=1",
					"$(inherited)",
				);
				GCC_WARN_64_TO_32_BIT_CONVERSION = YES;
				GCC_WARN_ABOUT_RETURN_TYPE = YES_ERROR;
				GCC_WARN_UNDECLARED_SELECTOR = YES;
				GCC_WARN_UNINITIALIZED_AUTOS = YES_AGGRESSIVE;
				GCC_WARN_UNUSED_FUNCTION = YES;
				GCC_WARN_UNUSED_VARIABLE = YES;
				IPHONEOS_DEPLOYMENT_TARGET = 15.5;
				MTL_ENABLE_DEBUG_INFO = INCLUDE_SOURCE;
				MTL_FAST_MATH = YES;
				ONLY_ACTIVE_ARCH = YES;
				SDKROOT = iphoneos;
				SWIFT_ACTIVE_COMPILATION_CONDITIONS = DEBUG;
				SWIFT_OPTIMIZATION_LEVEL = "-Onone";
			};
			name = Debug;
		};
		BFB79BA22883AB9F005E38AA /* Release */ = {
			isa = XCBuildConfiguration;
			buildSettings = {
				ALWAYS_SEARCH_USER_PATHS = NO;
				CLANG_ANALYZER_NONNULL = YES;
				CLANG_ANALYZER_NUMBER_OBJECT_CONVERSION = YES_AGGRESSIVE;
				CLANG_CXX_LANGUAGE_STANDARD = "gnu++17";
				CLANG_ENABLE_MODULES = YES;
				CLANG_ENABLE_OBJC_ARC = YES;
				CLANG_ENABLE_OBJC_WEAK = YES;
				CLANG_WARN_BLOCK_CAPTURE_AUTORELEASING = YES;
				CLANG_WARN_BOOL_CONVERSION = YES;
				CLANG_WARN_COMMA = YES;
				CLANG_WARN_CONSTANT_CONVERSION = YES;
				CLANG_WARN_DEPRECATED_OBJC_IMPLEMENTATIONS = YES;
				CLANG_WARN_DIRECT_OBJC_ISA_USAGE = YES_ERROR;
				CLANG_WARN_DOCUMENTATION_COMMENTS = YES;
				CLANG_WARN_EMPTY_BODY = YES;
				CLANG_WARN_ENUM_CONVERSION = YES;
				CLANG_WARN_INFINITE_RECURSION = YES;
				CLANG_WARN_INT_CONVERSION = YES;
				CLANG_WARN_NON_LITERAL_NULL_CONVERSION = YES;
				CLANG_WARN_OBJC_IMPLICIT_RETAIN_SELF = YES;
				CLANG_WARN_OBJC_LITERAL_CONVERSION = YES;
				CLANG_WARN_OBJC_ROOT_CLASS = YES_ERROR;
				CLANG_WARN_QUOTED_INCLUDE_IN_FRAMEWORK_HEADER = YES;
				CLANG_WARN_RANGE_LOOP_ANALYSIS = YES;
				CLANG_WARN_STRICT_PROTOTYPES = YES;
				CLANG_WARN_SUSPICIOUS_MOVE = YES;
				CLANG_WARN_UNGUARDED_AVAILABILITY = YES_AGGRESSIVE;
				CLANG_WARN_UNREACHABLE_CODE = YES;
				CLANG_WARN__DUPLICATE_METHOD_MATCH = YES;
				COPY_PHASE_STRIP = NO;
				DEBUG_INFORMATION_FORMAT = "dwarf-with-dsym";
				ENABLE_NS_ASSERTIONS = NO;
				ENABLE_STRICT_OBJC_MSGSEND = YES;
				GCC_C_LANGUAGE_STANDARD = gnu11;
				GCC_NO_COMMON_BLOCKS = YES;
				GCC_WARN_64_TO_32_BIT_CONVERSION = YES;
				GCC_WARN_ABOUT_RETURN_TYPE = YES_ERROR;
				GCC_WARN_UNDECLARED_SELECTOR = YES;
				GCC_WARN_UNINITIALIZED_AUTOS = YES_AGGRESSIVE;
				GCC_WARN_UNUSED_FUNCTION = YES;
				GCC_WARN_UNUSED_VARIABLE = YES;
				IPHONEOS_DEPLOYMENT_TARGET = 15.5;
				MTL_ENABLE_DEBUG_INFO = NO;
				MTL_FAST_MATH = YES;
				SDKROOT = iphoneos;
				SWIFT_COMPILATION_MODE = wholemodule;
				SWIFT_OPTIMIZATION_LEVEL = "-O";
				VALIDATE_PRODUCT = YES;
			};
			name = Release;
		};
		BFB79BA42883AB9F005E38AA /* Debug */ = {
			isa = XCBuildConfiguration;
			buildSettings = {
				ASSETCATALOG_COMPILER_APPICON_NAME = AppIcon;
				ASSETCATALOG_COMPILER_GLOBAL_ACCENT_COLOR_NAME = AccentColor;
				CODE_SIGN_STYLE = Automatic;
				CURRENT_PROJECT_VERSION = 1;
				DEVELOPMENT_TEAM = H6WZ83BNAM;
				GENERATE_INFOPLIST_FILE = YES;
				INFOPLIST_FILE = GitTest/Info.plist;
				INFOPLIST_KEY_UIApplicationSupportsIndirectInputEvents = YES;
				INFOPLIST_KEY_UILaunchStoryboardName = LaunchScreen;
				INFOPLIST_KEY_UIMainStoryboardFile = Main;
				INFOPLIST_KEY_UISupportedInterfaceOrientations_iPad = "UIInterfaceOrientationPortrait UIInterfaceOrientationPortraitUpsideDown UIInterfaceOrientationLandscapeLeft UIInterfaceOrientationLandscapeRight";
				INFOPLIST_KEY_UISupportedInterfaceOrientations_iPhone = "UIInterfaceOrientationPortrait UIInterfaceOrientationLandscapeLeft UIInterfaceOrientationLandscapeRight";
				LD_RUNPATH_SEARCH_PATHS = (
					"$(inherited)",
					"@executable_path/Frameworks",
				);
				MARKETING_VERSION = 1.0;
				PRODUCT_BUNDLE_IDENTIFIER = com.Kurokawa.KURO.GitTest;
				PRODUCT_NAME = "$(TARGET_NAME)";
				SWIFT_EMIT_LOC_STRINGS = YES;
				SWIFT_VERSION = 5.0;
				TARGETED_DEVICE_FAMILY = "1,2";
			};
			name = Debug;
		};
		BFB79BA52883AB9F005E38AA /* Release */ = {
			isa = XCBuildConfiguration;
			buildSettings = {
				ASSETCATALOG_COMPILER_APPICON_NAME = AppIcon;
				ASSETCATALOG_COMPILER_GLOBAL_ACCENT_COLOR_NAME = AccentColor;
				CODE_SIGN_STYLE = Automatic;
				CURRENT_PROJECT_VERSION = 1;
				DEVELOPMENT_TEAM = H6WZ83BNAM;
				GENERATE_INFOPLIST_FILE = YES;
				INFOPLIST_FILE = GitTest/Info.plist;
				INFOPLIST_KEY_UIApplicationSupportsIndirectInputEvents = YES;
				INFOPLIST_KEY_UILaunchStoryboardName = LaunchScreen;
				INFOPLIST_KEY_UIMainStoryboardFile = Main;
				INFOPLIST_KEY_UISupportedInterfaceOrientations_iPad = "UIInterfaceOrientationPortrait UIInterfaceOrientationPortraitUpsideDown UIInterfaceOrientationLandscapeLeft UIInterfaceOrientationLandscapeRight";
				INFOPLIST_KEY_UISupportedInterfaceOrientations_iPhone = "UIInterfaceOrientationPortrait UIInterfaceOrientationLandscapeLeft UIInterfaceOrientationLandscapeRight";
				LD_RUNPATH_SEARCH_PATHS = (
					"$(inherited)",
					"@executable_path/Frameworks",
				);
				MARKETING_VERSION = 1.0;
				PRODUCT_BUNDLE_IDENTIFIER = com.Kurokawa.KURO.GitTest;
				PRODUCT_NAME = "$(TARGET_NAME)";
				SWIFT_EMIT_LOC_STRINGS = YES;
				SWIFT_VERSION = 5.0;
				TARGETED_DEVICE_FAMILY = "1,2";
			};
			name = Release;
		};
		BFB79BA72883AB9F005E38AA /* Debug */ = {
			isa = XCBuildConfiguration;
			buildSettings = {
				ALWAYS_EMBED_SWIFT_STANDARD_LIBRARIES = YES;
				BUNDLE_LOADER = "$(TEST_HOST)";
				CODE_SIGN_STYLE = Automatic;
				CURRENT_PROJECT_VERSION = 1;
				DEVELOPMENT_TEAM = H6WZ83BNAM;
				GENERATE_INFOPLIST_FILE = YES;
				IPHONEOS_DEPLOYMENT_TARGET = 15.5;
				MARKETING_VERSION = 1.0;
				PRODUCT_BUNDLE_IDENTIFIER = com.Kurokawa.KURO.GitTestTests;
				PRODUCT_NAME = "$(TARGET_NAME)";
				SWIFT_EMIT_LOC_STRINGS = NO;
				SWIFT_VERSION = 5.0;
				TARGETED_DEVICE_FAMILY = "1,2";
				TEST_HOST = "$(BUILT_PRODUCTS_DIR)/GitTest.app/GitTest";
			};
			name = Debug;
		};
		BFB79BA82883AB9F005E38AA /* Release */ = {
			isa = XCBuildConfiguration;
			buildSettings = {
				ALWAYS_EMBED_SWIFT_STANDARD_LIBRARIES = YES;
				BUNDLE_LOADER = "$(TEST_HOST)";
				CODE_SIGN_STYLE = Automatic;
				CURRENT_PROJECT_VERSION = 1;
				DEVELOPMENT_TEAM = H6WZ83BNAM;
				GENERATE_INFOPLIST_FILE = YES;
				IPHONEOS_DEPLOYMENT_TARGET = 15.5;
				MARKETING_VERSION = 1.0;
				PRODUCT_BUNDLE_IDENTIFIER = com.Kurokawa.KURO.GitTestTests;
				PRODUCT_NAME = "$(TARGET_NAME)";
				SWIFT_EMIT_LOC_STRINGS = NO;
				SWIFT_VERSION = 5.0;
				TARGETED_DEVICE_FAMILY = "1,2";
				TEST_HOST = "$(BUILT_PRODUCTS_DIR)/GitTest.app/GitTest";
			};
			name = Release;
		};
		BFB79BAA2883AB9F005E38AA /* Debug */ = {
			isa = XCBuildConfiguration;
			buildSettings = {
				ALWAYS_EMBED_SWIFT_STANDARD_LIBRARIES = YES;
				CODE_SIGN_STYLE = Automatic;
				CURRENT_PROJECT_VERSION = 1;
				DEVELOPMENT_TEAM = H6WZ83BNAM;
				GENERATE_INFOPLIST_FILE = YES;
				MARKETING_VERSION = 1.0;
				PRODUCT_BUNDLE_IDENTIFIER = com.Kurokawa.KURO.GitTestUITests;
				PRODUCT_NAME = "$(TARGET_NAME)";
				SWIFT_EMIT_LOC_STRINGS = NO;
				SWIFT_VERSION = 5.0;
				TARGETED_DEVICE_FAMILY = "1,2";
				TEST_TARGET_NAME = GitTest;
			};
			name = Debug;
		};
		BFB79BAB2883AB9F005E38AA /* Release */ = {
			isa = XCBuildConfiguration;
			buildSettings = {
				ALWAYS_EMBED_SWIFT_STANDARD_LIBRARIES = YES;
				CODE_SIGN_STYLE = Automatic;
				CURRENT_PROJECT_VERSION = 1;
				DEVELOPMENT_TEAM = H6WZ83BNAM;
				GENERATE_INFOPLIST_FILE = YES;
				MARKETING_VERSION = 1.0;
				PRODUCT_BUNDLE_IDENTIFIER = com.Kurokawa.KURO.GitTestUITests;
				PRODUCT_NAME = "$(TARGET_NAME)";
				SWIFT_EMIT_LOC_STRINGS = NO;
				SWIFT_VERSION = 5.0;
				TARGETED_DEVICE_FAMILY = "1,2";
				TEST_TARGET_NAME = GitTest;
			};
			name = Release;
		};
/* End XCBuildConfiguration section */

/* Begin XCConfigurationList section */
		BFB79B742883AB9E005E38AA /* Build configuration list for PBXProject "GitTest" */ = {
			isa = XCConfigurationList;
			buildConfigurations = (
				BFB79BA12883AB9F005E38AA /* Debug */,
				BFB79BA22883AB9F005E38AA /* Release */,
			);
			defaultConfigurationIsVisible = 0;
			defaultConfigurationName = Release;
		};
		BFB79BA32883AB9F005E38AA /* Build configuration list for PBXNativeTarget "GitTest" */ = {
			isa = XCConfigurationList;
			buildConfigurations = (
				BFB79BA42883AB9F005E38AA /* Debug */,
				BFB79BA52883AB9F005E38AA /* Release */,
			);
			defaultConfigurationIsVisible = 0;
			defaultConfigurationName = Release;
		};
		BFB79BA62883AB9F005E38AA /* Build configuration list for PBXNativeTarget "GitTestTests" */ = {
			isa = XCConfigurationList;
			buildConfigurations = (
				BFB79BA72883AB9F005E38AA /* Debug */,
				BFB79BA82883AB9F005E38AA /* Release */,
			);
			defaultConfigurationIsVisible = 0;
			defaultConfigurationName = Release;
		};
		BFB79BA92883AB9F005E38AA /* Build configuration list for PBXNativeTarget "GitTestUITests" */ = {
			isa = XCConfigurationList;
			buildConfigurations = (
				BFB79BAA2883AB9F005E38AA /* Debug */,
				BFB79BAB2883AB9F005E38AA /* Release */,
			);
			defaultConfigurationIsVisible = 0;
			defaultConfigurationName = Release;
		};
/* End XCConfigurationList section */
	};
	rootObject = BFB79B712883AB9E005E38AA /* Project object */;
}
